// !$*UTF8*$!
{
	archiveVersion = 1;
	classes = {
	};
	objectVersion = 50;
	objects = {

/* Begin PBXBuildFile section */
		DD5B822223C0549400A21676 /* AppDelegate.swift in Sources */ = {isa = PBXBuildFile; fileRef = DD5B822123C0549400A21676 /* AppDelegate.swift */; };
		DD5B822423C0549400A21676 /* SceneDelegate.swift in Sources */ = {isa = PBXBuildFile; fileRef = DD5B822323C0549400A21676 /* SceneDelegate.swift */; };
		DD5B822623C0549400A21676 /* ContentView.swift in Sources */ = {isa = PBXBuildFile; fileRef = DD5B822523C0549400A21676 /* ContentView.swift */; };
		DD5B822823C0549600A21676 /* Assets.xcassets in Resources */ = {isa = PBXBuildFile; fileRef = DD5B822723C0549600A21676 /* Assets.xcassets */; };
		DD5B822B23C0549600A21676 /* Preview Assets.xcassets in Resources */ = {isa = PBXBuildFile; fileRef = DD5B822A23C0549600A21676 /* Preview Assets.xcassets */; };
		DD5B822E23C0549600A21676 /* LaunchScreen.storyboard in Resources */ = {isa = PBXBuildFile; fileRef = DD5B822C23C0549600A21676 /* LaunchScreen.storyboard */; };
		DD5B823923C0549600A21676 /* CPPIntegrationDemoTests.swift in Sources */ = {isa = PBXBuildFile; fileRef = DD5B823823C0549600A21676 /* CPPIntegrationDemoTests.swift */; };
		DD5B824423C0549600A21676 /* CPPIntegrationDemoUITests.swift in Sources */ = {isa = PBXBuildFile; fileRef = DD5B824323C0549600A21676 /* CPPIntegrationDemoUITests.swift */; };
		DD5B825323C054CE00A21676 /* libjunkcpp.a in Frameworks */ = {isa = PBXBuildFile; fileRef = DD5B825123C054CE00A21676 /* libjunkcpp.a */; };
		DD5B825423C054CE00A21676 /* libMathFuncs.a in Frameworks */ = {isa = PBXBuildFile; fileRef = DD5B825223C054CE00A21676 /* libMathFuncs.a */; };
		DD5B825A23C054FC00A21676 /* wrapper.cpp in Sources */ = {isa = PBXBuildFile; fileRef = DD5B825823C054FC00A21676 /* wrapper.cpp */; };
/* End PBXBuildFile section */

/* Begin PBXContainerItemProxy section */
		DD5B823523C0549600A21676 /* PBXContainerItemProxy */ = {
			isa = PBXContainerItemProxy;
			containerPortal = DD5B821623C0549400A21676 /* Project object */;
			proxyType = 1;
			remoteGlobalIDString = DD5B821D23C0549400A21676;
			remoteInfo = CPPIntegrationDemo;
		};
		DD5B824023C0549600A21676 /* PBXContainerItemProxy */ = {
			isa = PBXContainerItemProxy;
			containerPortal = DD5B821623C0549400A21676 /* Project object */;
			proxyType = 1;
			remoteGlobalIDString = DD5B821D23C0549400A21676;
			remoteInfo = CPPIntegrationDemo;
		};
/* End PBXContainerItemProxy section */

/* Begin PBXFileReference section */
		DD5B821E23C0549400A21676 /* CPPIntegrationDemo.app */ = {isa = PBXFileReference; explicitFileType = wrapper.application; includeInIndex = 0; path = CPPIntegrationDemo.app; sourceTree = BUILT_PRODUCTS_DIR; };
		DD5B822123C0549400A21676 /* AppDelegate.swift */ = {isa = PBXFileReference; lastKnownFileType = sourcecode.swift; path = AppDelegate.swift; sourceTree = "<group>"; };
		DD5B822323C0549400A21676 /* SceneDelegate.swift */ = {isa = PBXFileReference; lastKnownFileType = sourcecode.swift; path = SceneDelegate.swift; sourceTree = "<group>"; };
		DD5B822523C0549400A21676 /* ContentView.swift */ = {isa = PBXFileReference; lastKnownFileType = sourcecode.swift; path = ContentView.swift; sourceTree = "<group>"; };
		DD5B822723C0549600A21676 /* Assets.xcassets */ = {isa = PBXFileReference; lastKnownFileType = folder.assetcatalog; path = Assets.xcassets; sourceTree = "<group>"; };
		DD5B822A23C0549600A21676 /* Preview Assets.xcassets */ = {isa = PBXFileReference; lastKnownFileType = folder.assetcatalog; path = "Preview Assets.xcassets"; sourceTree = "<group>"; };
		DD5B822D23C0549600A21676 /* Base */ = {isa = PBXFileReference; lastKnownFileType = file.storyboard; name = Base; path = Base.lproj/LaunchScreen.storyboard; sourceTree = "<group>"; };
		DD5B822F23C0549600A21676 /* Info.plist */ = {isa = PBXFileReference; lastKnownFileType = text.plist.xml; path = Info.plist; sourceTree = "<group>"; };
		DD5B823423C0549600A21676 /* CPPIntegrationDemoTests.xctest */ = {isa = PBXFileReference; explicitFileType = wrapper.cfbundle; includeInIndex = 0; path = CPPIntegrationDemoTests.xctest; sourceTree = BUILT_PRODUCTS_DIR; };
		DD5B823823C0549600A21676 /* CPPIntegrationDemoTests.swift */ = {isa = PBXFileReference; lastKnownFileType = sourcecode.swift; path = CPPIntegrationDemoTests.swift; sourceTree = "<group>"; };
		DD5B823A23C0549600A21676 /* Info.plist */ = {isa = PBXFileReference; lastKnownFileType = text.plist.xml; path = Info.plist; sourceTree = "<group>"; };
		DD5B823F23C0549600A21676 /* CPPIntegrationDemoUITests.xctest */ = {isa = PBXFileReference; explicitFileType = wrapper.cfbundle; includeInIndex = 0; path = CPPIntegrationDemoUITests.xctest; sourceTree = BUILT_PRODUCTS_DIR; };
		DD5B824323C0549600A21676 /* CPPIntegrationDemoUITests.swift */ = {isa = PBXFileReference; lastKnownFileType = sourcecode.swift; path = CPPIntegrationDemoUITests.swift; sourceTree = "<group>"; };
		DD5B824523C0549600A21676 /* Info.plist */ = {isa = PBXFileReference; lastKnownFileType = text.plist.xml; path = Info.plist; sourceTree = "<group>"; };
		DD5B825123C054CE00A21676 /* libjunkcpp.a */ = {isa = PBXFileReference; lastKnownFileType = archive.ar; path = libjunkcpp.a; sourceTree = "<group>"; };
		DD5B825223C054CE00A21676 /* libMathFuncs.a */ = {isa = PBXFileReference; lastKnownFileType = archive.ar; path = libMathFuncs.a; sourceTree = "<group>"; };
		DD5B825523C054E000A21676 /* MathFuncsLib.h */ = {isa = PBXFileReference; lastKnownFileType = sourcecode.c.h; path = MathFuncsLib.h; sourceTree = "<group>"; };
		DD5B825623C054E000A21676 /* junk.h */ = {isa = PBXFileReference; lastKnownFileType = sourcecode.c.h; path = junk.h; sourceTree = "<group>"; };
		DD5B825723C054FC00A21676 /* CPPIntegrationDemo-Bridging-Header.h */ = {isa = PBXFileReference; lastKnownFileType = sourcecode.c.h; path = "CPPIntegrationDemo-Bridging-Header.h"; sourceTree = "<group>"; };
		DD5B825823C054FC00A21676 /* wrapper.cpp */ = {isa = PBXFileReference; lastKnownFileType = sourcecode.cpp.cpp; path = wrapper.cpp; sourceTree = "<group>"; };
		DD5B825923C054FC00A21676 /* wrapper.hpp */ = {isa = PBXFileReference; lastKnownFileType = sourcecode.cpp.h; path = wrapper.hpp; sourceTree = "<group>"; };
/* End PBXFileReference section */

/* Begin PBXFrameworksBuildPhase section */
		DD5B821B23C0549400A21676 /* Frameworks */ = {
			isa = PBXFrameworksBuildPhase;
			buildActionMask = 2147483647;
			files = (
				DD5B825323C054CE00A21676 /* libjunkcpp.a in Frameworks */,
				DD5B825423C054CE00A21676 /* libMathFuncs.a in Frameworks */,
			);
			runOnlyForDeploymentPostprocessing = 0;
		};
		DD5B823123C0549600A21676 /* Frameworks */ = {
			isa = PBXFrameworksBuildPhase;
			buildActionMask = 2147483647;
			files = (
			);
			runOnlyForDeploymentPostprocessing = 0;
		};
		DD5B823C23C0549600A21676 /* Frameworks */ = {
			isa = PBXFrameworksBuildPhase;
			buildActionMask = 2147483647;
			files = (
			);
			runOnlyForDeploymentPostprocessing = 0;
		};
/* End PBXFrameworksBuildPhase section */

/* Begin PBXGroup section */
		DD5B821523C0549400A21676 = {
			isa = PBXGroup;
			children = (
				DD5B825123C054CE00A21676 /* libjunkcpp.a */,
				DD5B825223C054CE00A21676 /* libMathFuncs.a */,
				DD5B825823C054FC00A21676 /* wrapper.cpp */,
				DD5B825923C054FC00A21676 /* wrapper.hpp */,
				DD5B825623C054E000A21676 /* junk.h */,
				DD5B825523C054E000A21676 /* MathFuncsLib.h */,
				DD5B822023C0549400A21676 /* CPPIntegrationDemo */,
				DD5B823723C0549600A21676 /* CPPIntegrationDemoTests */,
				DD5B824223C0549600A21676 /* CPPIntegrationDemoUITests */,
				DD5B821F23C0549400A21676 /* Products */,
				DD5B825723C054FC00A21676 /* CPPIntegrationDemo-Bridging-Header.h */,
			);
			sourceTree = "<group>";
		};
		DD5B821F23C0549400A21676 /* Products */ = {
			isa = PBXGroup;
			children = (
				DD5B821E23C0549400A21676 /* CPPIntegrationDemo.app */,
				DD5B823423C0549600A21676 /* CPPIntegrationDemoTests.xctest */,
				DD5B823F23C0549600A21676 /* CPPIntegrationDemoUITests.xctest */,
			);
			name = Products;
			sourceTree = "<group>";
		};
		DD5B822023C0549400A21676 /* CPPIntegrationDemo */ = {
			isa = PBXGroup;
			children = (
				DD5B822123C0549400A21676 /* AppDelegate.swift */,
				DD5B822323C0549400A21676 /* SceneDelegate.swift */,
				DD5B822523C0549400A21676 /* ContentView.swift */,
				DD5B822723C0549600A21676 /* Assets.xcassets */,
				DD5B822C23C0549600A21676 /* LaunchScreen.storyboard */,
				DD5B822F23C0549600A21676 /* Info.plist */,
				DD5B822923C0549600A21676 /* Preview Content */,
			);
			path = CPPIntegrationDemo;
			sourceTree = "<group>";
		};
		DD5B822923C0549600A21676 /* Preview Content */ = {
			isa = PBXGroup;
			children = (
				DD5B822A23C0549600A21676 /* Preview Assets.xcassets */,
			);
			path = "Preview Content";
			sourceTree = "<group>";
		};
		DD5B823723C0549600A21676 /* CPPIntegrationDemoTests */ = {
			isa = PBXGroup;
			children = (
				DD5B823823C0549600A21676 /* CPPIntegrationDemoTests.swift */,
				DD5B823A23C0549600A21676 /* Info.plist */,
			);
			path = CPPIntegrationDemoTests;
			sourceTree = "<group>";
		};
		DD5B824223C0549600A21676 /* CPPIntegrationDemoUITests */ = {
			isa = PBXGroup;
			children = (
				DD5B824323C0549600A21676 /* CPPIntegrationDemoUITests.swift */,
				DD5B824523C0549600A21676 /* Info.plist */,
			);
			path = CPPIntegrationDemoUITests;
			sourceTree = "<group>";
		};
/* End PBXGroup section */

/* Begin PBXNativeTarget section */
		DD5B821D23C0549400A21676 /* CPPIntegrationDemo */ = {
			isa = PBXNativeTarget;
			buildConfigurationList = DD5B824823C0549600A21676 /* Build configuration list for PBXNativeTarget "CPPIntegrationDemo" */;
			buildPhases = (
				DD5B821A23C0549400A21676 /* Sources */,
				DD5B821B23C0549400A21676 /* Frameworks */,
				DD5B821C23C0549400A21676 /* Resources */,
			);
			buildRules = (
			);
			dependencies = (
			);
			name = CPPIntegrationDemo;
			productName = CPPIntegrationDemo;
			productReference = DD5B821E23C0549400A21676 /* CPPIntegrationDemo.app */;
			productType = "com.apple.product-type.application";
		};
		DD5B823323C0549600A21676 /* CPPIntegrationDemoTests */ = {
			isa = PBXNativeTarget;
			buildConfigurationList = DD5B824B23C0549600A21676 /* Build configuration list for PBXNativeTarget "CPPIntegrationDemoTests" */;
			buildPhases = (
				DD5B823023C0549600A21676 /* Sources */,
				DD5B823123C0549600A21676 /* Frameworks */,
				DD5B823223C0549600A21676 /* Resources */,
			);
			buildRules = (
			);
			dependencies = (
				DD5B823623C0549600A21676 /* PBXTargetDependency */,
			);
			name = CPPIntegrationDemoTests;
			productName = CPPIntegrationDemoTests;
			productReference = DD5B823423C0549600A21676 /* CPPIntegrationDemoTests.xctest */;
			productType = "com.apple.product-type.bundle.unit-test";
		};
		DD5B823E23C0549600A21676 /* CPPIntegrationDemoUITests */ = {
			isa = PBXNativeTarget;
			buildConfigurationList = DD5B824E23C0549600A21676 /* Build configuration list for PBXNativeTarget "CPPIntegrationDemoUITests" */;
			buildPhases = (
				DD5B823B23C0549600A21676 /* Sources */,
				DD5B823C23C0549600A21676 /* Frameworks */,
				DD5B823D23C0549600A21676 /* Resources */,
			);
			buildRules = (
			);
			dependencies = (
				DD5B824123C0549600A21676 /* PBXTargetDependency */,
			);
			name = CPPIntegrationDemoUITests;
			productName = CPPIntegrationDemoUITests;
			productReference = DD5B823F23C0549600A21676 /* CPPIntegrationDemoUITests.xctest */;
			productType = "com.apple.product-type.bundle.ui-testing";
		};
/* End PBXNativeTarget section */

/* Begin PBXProject section */
		DD5B821623C0549400A21676 /* Project object */ = {
			isa = PBXProject;
			attributes = {
				LastSwiftUpdateCheck = 1130;
				LastUpgradeCheck = 1130;
				ORGANIZATIONNAME = "Lexter Labra";
				TargetAttributes = {
					DD5B821D23C0549400A21676 = {
						CreatedOnToolsVersion = 11.3;
						LastSwiftMigration = 1130;
					};
					DD5B823323C0549600A21676 = {
						CreatedOnToolsVersion = 11.3;
						TestTargetID = DD5B821D23C0549400A21676;
					};
					DD5B823E23C0549600A21676 = {
						CreatedOnToolsVersion = 11.3;
						TestTargetID = DD5B821D23C0549400A21676;
					};
				};
			};
			buildConfigurationList = DD5B821923C0549400A21676 /* Build configuration list for PBXProject "CPPIntegrationDemo" */;
			compatibilityVersion = "Xcode 9.3";
			developmentRegion = en;
			hasScannedForEncodings = 0;
			knownRegions = (
				en,
				Base,
			);
			mainGroup = DD5B821523C0549400A21676;
			productRefGroup = DD5B821F23C0549400A21676 /* Products */;
			projectDirPath = "";
			projectRoot = "";
			targets = (
				DD5B821D23C0549400A21676 /* CPPIntegrationDemo */,
				DD5B823323C0549600A21676 /* CPPIntegrationDemoTests */,
				DD5B823E23C0549600A21676 /* CPPIntegrationDemoUITests */,
			);
		};
/* End PBXProject section */

/* Begin PBXResourcesBuildPhase section */
		DD5B821C23C0549400A21676 /* Resources */ = {
			isa = PBXResourcesBuildPhase;
			buildActionMask = 2147483647;
			files = (
				DD5B822E23C0549600A21676 /* LaunchScreen.storyboard in Resources */,
				DD5B822B23C0549600A21676 /* Preview Assets.xcassets in Resources */,
				DD5B822823C0549600A21676 /* Assets.xcassets in Resources */,
			);
			runOnlyForDeploymentPostprocessing = 0;
		};
		DD5B823223C0549600A21676 /* Resources */ = {
			isa = PBXResourcesBuildPhase;
			buildActionMask = 2147483647;
			files = (
			);
			runOnlyForDeploymentPostprocessing = 0;
		};
		DD5B823D23C0549600A21676 /* Resources */ = {
			isa = PBXResourcesBuildPhase;
			buildActionMask = 2147483647;
			files = (
			);
			runOnlyForDeploymentPostprocessing = 0;
		};
/* End PBXResourcesBuildPhase section */

/* Begin PBXSourcesBuildPhase section */
		DD5B821A23C0549400A21676 /* Sources */ = {
			isa = PBXSourcesBuildPhase;
			buildActionMask = 2147483647;
			files = (
				DD5B822223C0549400A21676 /* AppDelegate.swift in Sources */,
				DD5B825A23C054FC00A21676 /* wrapper.cpp in Sources */,
				DD5B822423C0549400A21676 /* SceneDelegate.swift in Sources */,
				DD5B822623C0549400A21676 /* ContentView.swift in Sources */,
			);
			runOnlyForDeploymentPostprocessing = 0;
		};
		DD5B823023C0549600A21676 /* Sources */ = {
			isa = PBXSourcesBuildPhase;
			buildActionMask = 2147483647;
			files = (
				DD5B823923C0549600A21676 /* CPPIntegrationDemoTests.swift in Sources */,
			);
			runOnlyForDeploymentPostprocessing = 0;
		};
		DD5B823B23C0549600A21676 /* Sources */ = {
			isa = PBXSourcesBuildPhase;
			buildActionMask = 2147483647;
			files = (
				DD5B824423C0549600A21676 /* CPPIntegrationDemoUITests.swift in Sources */,
			);
			runOnlyForDeploymentPostprocessing = 0;
		};
/* End PBXSourcesBuildPhase section */

/* Begin PBXTargetDependency section */
		DD5B823623C0549600A21676 /* PBXTargetDependency */ = {
			isa = PBXTargetDependency;
			target = DD5B821D23C0549400A21676 /* CPPIntegrationDemo */;
			targetProxy = DD5B823523C0549600A21676 /* PBXContainerItemProxy */;
		};
		DD5B824123C0549600A21676 /* PBXTargetDependency */ = {
			isa = PBXTargetDependency;
			target = DD5B821D23C0549400A21676 /* CPPIntegrationDemo */;
			targetProxy = DD5B824023C0549600A21676 /* PBXContainerItemProxy */;
		};
/* End PBXTargetDependency section */

/* Begin PBXVariantGroup section */
		DD5B822C23C0549600A21676 /* LaunchScreen.storyboard */ = {
			isa = PBXVariantGroup;
			children = (
				DD5B822D23C0549600A21676 /* Base */,
			);
			name = LaunchScreen.storyboard;
			sourceTree = "<group>";
		};
/* End PBXVariantGroup section */

/* Begin XCBuildConfiguration section */
		DD5B824623C0549600A21676 /* Debug */ = {
			isa = XCBuildConfiguration;
			buildSettings = {
				ALWAYS_SEARCH_USER_PATHS = NO;
				CLANG_ANALYZER_NONNULL = YES;
				CLANG_ANALYZER_NUMBER_OBJECT_CONVERSION = YES_AGGRESSIVE;
				CLANG_CXX_LANGUAGE_STANDARD = "gnu++14";
				CLANG_CXX_LIBRARY = "libc++";
				CLANG_ENABLE_MODULES = YES;
				CLANG_ENABLE_OBJC_ARC = YES;
				CLANG_ENABLE_OBJC_WEAK = YES;
				CLANG_WARN_BLOCK_CAPTURE_AUTORELEASING = YES;
				CLANG_WARN_BOOL_CONVERSION = YES;
				CLANG_WARN_COMMA = YES;
				CLANG_WARN_CONSTANT_CONVERSION = YES;
				CLANG_WARN_DEPRECATED_OBJC_IMPLEMENTATIONS = YES;
				CLANG_WARN_DIRECT_OBJC_ISA_USAGE = YES_ERROR;
				CLANG_WARN_DOCUMENTATION_COMMENTS = YES;
				CLANG_WARN_EMPTY_BODY = YES;
				CLANG_WARN_ENUM_CONVERSION = YES;
				CLANG_WARN_INFINITE_RECURSION = YES;
				CLANG_WARN_INT_CONVERSION = YES;
				CLANG_WARN_NON_LITERAL_NULL_CONVERSION = YES;
				CLANG_WARN_OBJC_IMPLICIT_RETAIN_SELF = YES;
				CLANG_WARN_OBJC_LITERAL_CONVERSION = YES;
				CLANG_WARN_OBJC_ROOT_CLASS = YES_ERROR;
				CLANG_WARN_RANGE_LOOP_ANALYSIS = YES;
				CLANG_WARN_STRICT_PROTOTYPES = YES;
				CLANG_WARN_SUSPICIOUS_MOVE = YES;
				CLANG_WARN_UNGUARDED_AVAILABILITY = YES_AGGRESSIVE;
				CLANG_WARN_UNREACHABLE_CODE = YES;
				CLANG_WARN__DUPLICATE_METHOD_MATCH = YES;
				COPY_PHASE_STRIP = NO;
				DEBUG_INFORMATION_FORMAT = dwarf;
				ENABLE_STRICT_OBJC_MSGSEND = YES;
				ENABLE_TESTABILITY = YES;
				GCC_C_LANGUAGE_STANDARD = gnu11;
				GCC_DYNAMIC_NO_PIC = NO;
				GCC_NO_COMMON_BLOCKS = YES;
				GCC_OPTIMIZATION_LEVEL = 0;
				GCC_PREPROCESSOR_DEFINITIONS = (
					"DEBUG=1",
					"$(inherited)",
				);
				GCC_WARN_64_TO_32_BIT_CONVERSION = YES;
				GCC_WARN_ABOUT_RETURN_TYPE = YES_ERROR;
				GCC_WARN_UNDECLARED_SELECTOR = YES;
				GCC_WARN_UNINITIALIZED_AUTOS = YES_AGGRESSIVE;
				GCC_WARN_UNUSED_FUNCTION = YES;
				GCC_WARN_UNUSED_VARIABLE = YES;
				IPHONEOS_DEPLOYMENT_TARGET = 13.2;
				MTL_ENABLE_DEBUG_INFO = INCLUDE_SOURCE;
				MTL_FAST_MATH = YES;
				ONLY_ACTIVE_ARCH = YES;
				SDKROOT = iphoneos;
				SWIFT_ACTIVE_COMPILATION_CONDITIONS = DEBUG;
				SWIFT_OPTIMIZATION_LEVEL = "-Onone";
			};
			name = Debug;
		};
		DD5B824723C0549600A21676 /* Release */ = {
			isa = XCBuildConfiguration;
			buildSettings = {
				ALWAYS_SEARCH_USER_PATHS = NO;
				CLANG_ANALYZER_NONNULL = YES;
				CLANG_ANALYZER_NUMBER_OBJECT_CONVERSION = YES_AGGRESSIVE;
				CLANG_CXX_LANGUAGE_STANDARD = "gnu++14";
				CLANG_CXX_LIBRARY = "libc++";
				CLANG_ENABLE_MODULES = YES;
				CLANG_ENABLE_OBJC_ARC = YES;
				CLANG_ENABLE_OBJC_WEAK = YES;
				CLANG_WARN_BLOCK_CAPTURE_AUTORELEASING = YES;
				CLANG_WARN_BOOL_CONVERSION = YES;
				CLANG_WARN_COMMA = YES;
				CLANG_WARN_CONSTANT_CONVERSION = YES;
				CLANG_WARN_DEPRECATED_OBJC_IMPLEMENTATIONS = YES;
				CLANG_WARN_DIRECT_OBJC_ISA_USAGE = YES_ERROR;
				CLANG_WARN_DOCUMENTATION_COMMENTS = YES;
				CLANG_WARN_EMPTY_BODY = YES;
				CLANG_WARN_ENUM_CONVERSION = YES;
				CLANG_WARN_INFINITE_RECURSION = YES;
				CLANG_WARN_INT_CONVERSION = YES;
				CLANG_WARN_NON_LITERAL_NULL_CONVERSION = YES;
				CLANG_WARN_OBJC_IMPLICIT_RETAIN_SELF = YES;
				CLANG_WARN_OBJC_LITERAL_CONVERSION = YES;
				CLANG_WARN_OBJC_ROOT_CLASS = YES_ERROR;
				CLANG_WARN_RANGE_LOOP_ANALYSIS = YES;
				CLANG_WARN_STRICT_PROTOTYPES = YES;
				CLANG_WARN_SUSPICIOUS_MOVE = YES;
				CLANG_WARN_UNGUARDED_AVAILABILITY = YES_AGGRESSIVE;
				CLANG_WARN_UNREACHABLE_CODE = YES;
				CLANG_WARN__DUPLICATE_METHOD_MATCH = YES;
				COPY_PHASE_STRIP = NO;
				DEBUG_INFORMATION_FORMAT = "dwarf-with-dsym";
				ENABLE_NS_ASSERTIONS = NO;
				ENABLE_STRICT_OBJC_MSGSEND = YES;
				GCC_C_LANGUAGE_STANDARD = gnu11;
				GCC_NO_COMMON_BLOCKS = YES;
				GCC_WARN_64_TO_32_BIT_CONVERSION = YES;
				GCC_WARN_ABOUT_RETURN_TYPE = YES_ERROR;
				GCC_WARN_UNDECLARED_SELECTOR = YES;
				GCC_WARN_UNINITIALIZED_AUTOS = YES_AGGRESSIVE;
				GCC_WARN_UNUSED_FUNCTION = YES;
				GCC_WARN_UNUSED_VARIABLE = YES;
				IPHONEOS_DEPLOYMENT_TARGET = 13.2;
				MTL_ENABLE_DEBUG_INFO = NO;
				MTL_FAST_MATH = YES;
				SDKROOT = iphoneos;
				SWIFT_COMPILATION_MODE = wholemodule;
				SWIFT_OPTIMIZATION_LEVEL = "-O";
				VALIDATE_PRODUCT = YES;
			};
			name = Release;
		};
		DD5B824923C0549600A21676 /* Debug */ = {
			isa = XCBuildConfiguration;
			buildSettings = {
				ASSETCATALOG_COMPILER_APPICON_NAME = AppIcon;
				CLANG_ENABLE_MODULES = YES;
				CODE_SIGN_STYLE = Automatic;
				DEVELOPMENT_ASSET_PATHS = "\"CPPIntegrationDemo/Preview Content\"";
				DEVELOPMENT_TEAM = 828L3L6UDW;
				ENABLE_PREVIEWS = YES;
				INFOPLIST_FILE = CPPIntegrationDemo/Info.plist;
				LD_RUNPATH_SEARCH_PATHS = (
					"$(inherited)",
					"@executable_path/Frameworks",
				);
				LIBRARY_SEARCH_PATHS = (
					"$(inherited)",
					"$(PROJECT_DIR)",
				);
				PRODUCT_BUNDLE_IDENTIFIER = com.lexlab.CPPIntegrationDemo;
				PRODUCT_NAME = "$(TARGET_NAME)";
				SWIFT_OBJC_BRIDGING_HEADER = "CPPIntegrationDemo-Bridging-Header.h";
				SWIFT_OPTIMIZATION_LEVEL = "-Onone";
				SWIFT_VERSION = 5.0;
				TARGETED_DEVICE_FAMILY = "1,2";
			};
			name = Debug;
		};
		DD5B824A23C0549600A21676 /* Release */ = {
			isa = XCBuildConfiguration;
			buildSettings = {
				ASSETCATALOG_COMPILER_APPICON_NAME = AppIcon;
				CLANG_ENABLE_MODULES = YES;
				CODE_SIGN_STYLE = Automatic;
				DEVELOPMENT_ASSET_PATHS = "\"CPPIntegrationDemo/Preview Content\"";
				DEVELOPMENT_TEAM = 828L3L6UDW;
				ENABLE_PREVIEWS = YES;
				INFOPLIST_FILE = CPPIntegrationDemo/Info.plist;
				LD_RUNPATH_SEARCH_PATHS = (
					"$(inherited)",
					"@executable_path/Frameworks",
				);
				LIBRARY_SEARCH_PATHS = (
					"$(inherited)",
					"$(PROJECT_DIR)",
				);
				PRODUCT_BUNDLE_IDENTIFIER = com.lexlab.CPPIntegrationDemo;
				PRODUCT_NAME = "$(TARGET_NAME)";
				SWIFT_OBJC_BRIDGING_HEADER = "CPPIntegrationDemo-Bridging-Header.h";
				SWIFT_VERSION = 5.0;
				TARGETED_DEVICE_FAMILY = "1,2";
			};
			name = Release;
		};
		DD5B824C23C0549600A21676 /* Debug */ = {
			isa = XCBuildConfiguration;
			buildSettings = {
				ALWAYS_EMBED_SWIFT_STANDARD_LIBRARIES = YES;
				BUNDLE_LOADER = "$(TEST_HOST)";
				CODE_SIGN_STYLE = Automatic;
				DEVELOPMENT_TEAM = 828L3L6UDW;
				INFOPLIST_FILE = CPPIntegrationDemoTests/Info.plist;
				IPHONEOS_DEPLOYMENT_TARGET = 13.2;
				LD_RUNPATH_SEARCH_PATHS = (
					"$(inherited)",
					"@executable_path/Frameworks",
					"@loader_path/Frameworks",
				);
				PRODUCT_BUNDLE_IDENTIFIER = com.lexlab.CPPIntegrationDemoTests;
				PRODUCT_NAME = "$(TARGET_NAME)";
				SWIFT_VERSION = 5.0;
				TARGETED_DEVICE_FAMILY = "1,2";
				TEST_HOST = "$(BUILT_PRODUCTS_DIR)/CPPIntegrationDemo.app/CPPIntegrationDemo";
			};
			name = Debug;
		};
		DD5B824D23C0549600A21676 /* Release */ = {
			isa = XCBuildConfiguration;
			buildSettings = {
				ALWAYS_EMBED_SWIFT_STANDARD_LIBRARIES = YES;
				BUNDLE_LOADER = "$(TEST_HOST)";
				CODE_SIGN_STYLE = Automatic;
				DEVELOPMENT_TEAM = 828L3L6UDW;
				INFOPLIST_FILE = CPPIntegrationDemoTests/Info.plist;
				IPHONEOS_DEPLOYMENT_TARGET = 13.2;
				LD_RUNPATH_SEARCH_PATHS = (
					"$(inherited)",
					"@executable_path/Frameworks",
					"@loader_path/Frameworks",
				);
				PRODUCT_BUNDLE_IDENTIFIER = com.lexlab.CPPIntegrationDemoTests;
				PRODUCT_NAME = "$(TARGET_NAME)";
				SWIFT_VERSION = 5.0;
				TARGETED_DEVICE_FAMILY = "1,2";
				TEST_HOST = "$(BUILT_PRODUCTS_DIR)/CPPIntegrationDemo.app/CPPIntegrationDemo";
			};
			name = Release;
		};
		DD5B824F23C0549600A21676 /* Debug */ = {
			isa = XCBuildConfiguration;
			buildSettings = {
				ALWAYS_EMBED_SWIFT_STANDARD_LIBRARIES = YES;
				CODE_SIGN_STYLE = Automatic;
				DEVELOPMENT_TEAM = 828L3L6UDW;
				INFOPLIST_FILE = CPPIntegrationDemoUITests/Info.plist;
				LD_RUNPATH_SEARCH_PATHS = (
					"$(inherited)",
					"@executable_path/Frameworks",
					"@loader_path/Frameworks",
				);
				PRODUCT_BUNDLE_IDENTIFIER = com.lexlab.CPPIntegrationDemoUITests;
				PRODUCT_NAME = "$(TARGET_NAME)";
				SWIFT_VERSION = 5.0;
				TARGETED_DEVICE_FAMILY = "1,2";
				TEST_TARGET_NAME = CPPIntegrationDemo;
			};
			name = Debug;
		};
		DD5B825023C0549600A21676 /* Release */ = {
			isa = XCBuildConfiguration;
			buildSettings = {
				ALWAYS_EMBED_SWIFT_STANDARD_LIBRARIES = YES;
				CODE_SIGN_STYLE = Automatic;
				DEVELOPMENT_TEAM = 828L3L6UDW;
				INFOPLIST_FILE = CPPIntegrationDemoUITests/Info.plist;
				LD_RUNPATH_SEARCH_PATHS = (
					"$(inherited)",
					"@executable_path/Frameworks",
					"@loader_path/Frameworks",
				);
				PRODUCT_BUNDLE_IDENTIFIER = com.lexlab.CPPIntegrationDemoUITests;
				PRODUCT_NAME = "$(TARGET_NAME)";
				SWIFT_VERSION = 5.0;
				TARGETED_DEVICE_FAMILY = "1,2";
				TEST_TARGET_NAME = CPPIntegrationDemo;
			};
			name = Release;
		};
/* End XCBuildConfiguration section */

/* Begin XCConfigurationList section */
		DD5B821923C0549400A21676 /* Build configuration list for PBXProject "CPPIntegrationDemo" */ = {
			isa = XCConfigurationList;
			buildConfigurations = (
				DD5B824623C0549600A21676 /* Debug */,
				DD5B824723C0549600A21676 /* Release */,
			);
			defaultConfigurationIsVisible = 0;
			defaultConfigurationName = Release;
		};
		DD5B824823C0549600A21676 /* Build configuration list for PBXNativeTarget "CPPIntegrationDemo" */ = {
			isa = XCConfigurationList;
			buildConfigurations = (
				DD5B824923C0549600A21676 /* Debug */,
				DD5B824A23C0549600A21676 /* Release */,
			);
			defaultConfigurationIsVisible = 0;
			defaultConfigurationName = Release;
		};
		DD5B824B23C0549600A21676 /* Build configuration list for PBXNativeTarget "CPPIntegrationDemoTests" */ = {
			isa = XCConfigurationList;
			buildConfigurations = (
				DD5B824C23C0549600A21676 /* Debug */,
				DD5B824D23C0549600A21676 /* Release */,
			);
			defaultConfigurationIsVisible = 0;
			defaultConfigurationName = Release;
		};
		DD5B824E23C0549600A21676 /* Build configuration list for PBXNativeTarget "CPPIntegrationDemoUITests" */ = {
			isa = XCConfigurationList;
			buildConfigurations = (
				DD5B824F23C0549600A21676 /* Debug */,
				DD5B825023C0549600A21676 /* Release */,
			);
			defaultConfigurationIsVisible = 0;
			defaultConfigurationName = Release;
		};
/* End XCConfigurationList section */
	};
	rootObject = DD5B821623C0549400A21676 /* Project object */;
}
